
Microsoft Visual Studio Solution File, Format Version 12.00
# Visual Studio Version 17
VisualStudioVersion = 17.5.002.0
MinimumVisualStudioVersion = 10.0.40219.1
Project("{9A19103F-16F7-4668-BE54-9A1E7A4F7556}") = "RazorPagesMovie", "RazorPagesMovie.csproj", "{45359DF3-1BDC-4382-8CE3-361B9D3A5861}"
EndProject
Global
	GlobalSection(SolutionConfigurationPlatforms) = preSolution
		Debug|Any CPU = Debug|Any CPU
		Release|Any CPU = Release|Any CPU
	EndGlobalSection
	GlobalSection(ProjectConfigurationPlatforms) = postSolution
		{45359DF3-1BDC-4382-8CE3-361B9D3A5861}.Debug|Any CPU.ActiveCfg = Debug|Any CPU
		{45359DF3-1BDC-4382-8CE3-361B9D3A5861}.Debug|Any CPU.Build.0 = Debug|Any CPU
		{45359DF3-1BDC-4382-8CE3-361B9D3A5861}.Release|Any CPU.ActiveCfg = Release|Any CPU
		{45359DF3-1BDC-4382-8CE3-361B9D3A5861}.Release|Any CPU.Build.0 = Release|Any CPU
	EndGlobalSection
	GlobalSection(SolutionProperties) = preSolution
		HideSolutionNode = FALSE
	EndGlobalSection
	GlobalSection(ExtensibilityGlobals) = postSolution
		SolutionGuid = {EB9300A1-14C4-4829-BD35-DB30588B89B7}
	EndGlobalSection
EndGlobal
